{
    "name": "com.maljuburi.apps.hunter",
    "version": "1.0.0",
    "lockfileVersion": 1,
    "requires": true,
    "dependencies": {
        "cordova-plugin-camera": {
            "version": "2.4.1",
            "resolved": "https://registry.npmjs.org/cordova-plugin-camera/-/cordova-plugin-camera-2.4.1.tgz",
            "integrity": "sha1-GV404S22TxxJ52T31OPyYao9lME="
        },
        "cordova-plugin-compat": {
            "version": "1.2.0",
            "resolved": "https://registry.npmjs.org/cordova-plugin-compat/-/cordova-plugin-compat-1.2.0.tgz",
            "integrity": "sha1-C8ZXVyduvZIMASzpIOJ0F3V2Nz4="
        },
        "cordova-plugin-device-orientation": {
            "version": "1.0.7",
            "resolved": "https://registry.npmjs.org/cordova-plugin-device-orientation/-/cordova-plugin-device-orientation-1.0.7.tgz",
            "integrity": "sha1-rIx5i+jtsOVbYf7GjtqQk+SGvws="
        },
        "cordova-plugin-file": {
            "version": "4.3.3",
            "resolved": "https://registry.npmjs.org/cordova-plugin-file/-/cordova-plugin-file-4.3.3.tgz",
            "integrity": "sha1-AS6Xqhr7kfhJFuY0G1SDZtI96bk="
        },
        "cordova-plugin-flashlight": {
            "version": "3.2.0",
            "resolved": "https://registry.npmjs.org/cordova-plugin-flashlight/-/cordova-plugin-flashlight-3.2.0.tgz",
            "integrity": "sha1-0JpAzjCtNqnwBAUBJLboFSgfu7I="
        },
        "cordova-plugin-media": {
            "version": "3.0.1",
            "resolved": "https://registry.npmjs.org/cordova-plugin-media/-/cordova-plugin-media-3.0.1.tgz",
            "integrity": "sha1-XkbnbPp31O0oqHWYywco5Ourbyc="
        }
    }
}
